
Microsoft Visual Studio Solution File, Format Version 12.00
# Visual Studio Version 16
VisualStudioVersion = 16.0.31702.278
MinimumVisualStudioVersion = 10.0.40219.1
Project("{FAE04EC0-301F-11D3-BF4B-00C04F79EFBC}") = "Jumper_DE", "Bugakov_DE\Jumper_DE.csproj", "{F0F46BC2-DF30-4BCC-A653-3FE98B76A27C}"
EndProject
Global
	GlobalSection(SolutionConfigurationPlatforms) = preSolution
		Debug|Any CPU = Debug|Any CPU
		Release|Any CPU = Release|Any CPU
	EndGlobalSection
	GlobalSection(ProjectConfigurationPlatforms) = postSolution
		{F0F46BC2-DF30-4BCC-A653-3FE98B76A27C}.Debug|Any CPU.ActiveCfg = Debug|Any CPU
		{F0F46BC2-DF30-4BCC-A653-3FE98B76A27C}.Debug|Any CPU.Build.0 = Debug|Any CPU
		{F0F46BC2-DF30-4BCC-A653-3FE98B76A27C}.Release|Any CPU.ActiveCfg = Release|Any CPU
		{F0F46BC2-DF30-4BCC-A653-3FE98B76A27C}.Release|Any CPU.Build.0 = Release|Any CPU
	EndGlobalSection
	GlobalSection(SolutionProperties) = preSolution
		HideSolutionNode = FALSE
	EndGlobalSection
	GlobalSection(ExtensibilityGlobals) = postSolution
		SolutionGuid = {1C42D744-E0F5-4946-BEE0-AB6B83BDEAB9}
	EndGlobalSection
EndGlobal
